Microsoft Visual Studio Solution File, Format Version 12.00
# Visual Studio 2012
Project("{FAE04EC0-301F-11D3-BF4B-00C04F79EFBC}") = "BGCOP.CAVTOP.COMMON", "BGCOP.CAVTOP.COMMON.csproj", "{F77202A9-03F7-4936-941F-BE0B55445AA7}"
EndProject
Global
	GlobalSection(SolutionConfigurationPlatforms) = preSolution
		Debug|Any CPU = Debug|Any CPU
		Release|Any CPU = Release|Any CPU
	EndGlobalSection
	GlobalSection(ProjectConfigurationPlatforms) = postSolution
		{F77202A9-03F7-4936-941F-BE0B55445AA7}.Debug|Any CPU.ActiveCfg = Debug|Any CPU
		{F77202A9-03F7-4936-941F-BE0B55445AA7}.Debug|Any CPU.Build.0 = Debug|Any CPU
		{F77202A9-03F7-4936-941F-BE0B55445AA7}.Release|Any CPU.ActiveCfg = Release|Any CPU
		{F77202A9-03F7-4936-941F-BE0B55445AA7}.Release|Any CPU.Build.0 = Release|Any CPU
	EndGlobalSection
	GlobalSection(SolutionProperties) = preSolution
		HideSolutionNode = FALSE
	EndGlobalSection
EndGlobal
